
Microsoft Visual Studio Solution File, Format Version 12.00
# Visual Studio Version 17
VisualStudioVersion = 17.6.33717.318
MinimumVisualStudioVersion = 10.0.40219.1
Project("{FAE04EC0-301F-11D3-BF4B-00C04F79EFBC}") = "My Notepad", "My Notepad\My Notepad.csproj", "{28C2DC0D-DF4E-4A78-B03A-AFF740EF41CD}"
EndProject
Global
	GlobalSection(SolutionConfigurationPlatforms) = preSolution
		Debug|Any CPU = Debug|Any CPU
		Release|Any CPU = Release|Any CPU
	EndGlobalSection
	GlobalSection(ProjectConfigurationPlatforms) = postSolution
		{28C2DC0D-DF4E-4A78-B03A-AFF740EF41CD}.Debug|Any CPU.ActiveCfg = Debug|Any CPU
		{28C2DC0D-DF4E-4A78-B03A-AFF740EF41CD}.Debug|Any CPU.Build.0 = Debug|Any CPU
		{28C2DC0D-DF4E-4A78-B03A-AFF740EF41CD}.Release|Any CPU.ActiveCfg = Release|Any CPU
		{28C2DC0D-DF4E-4A78-B03A-AFF740EF41CD}.Release|Any CPU.Build.0 = Release|Any CPU
	EndGlobalSection
	GlobalSection(SolutionProperties) = preSolution
		HideSolutionNode = FALSE
	EndGlobalSection
	GlobalSection(ExtensibilityGlobals) = postSolution
		SolutionGuid = {3CF1D41C-DB72-45A0-90D2-DA2156251FB1}
	EndGlobalSection
EndGlobal
